{
  "name": "@worker-tools/cloudflare-kv-storage",
  "version": "0.6.0",
  "lockfileVersion": 2,
  "requires": true,
  "packages": {
    "": {
      "name": "@worker-tools/cloudflare-kv-storage",
      "version": "0.6.0",
      "license": "MIT",
      "dependencies": {
        "@cloudflare/workers-types": "^2.1.0",
        "base64-encoding": "^0.14.3",
        "kv-storage-interface": "^0.1.1",
        "msgpackr": "^1.2.7",
        "typeson": "^5.18.2",
        "typeson-registry": "^1.0.0-alpha.38"
      },
      "devDependencies": {
        "@types/node": "^14.14.31",
        "typescript": "^4.2.2"
      }
    },
    "node_modules/@cloudflare/workers-types": {
      "version": "2.1.0",
      "resolved": "https://registry.npmjs.org/@cloudflare/workers-types/-/workers-types-2.1.0.tgz",
      "integrity": "sha512-VmXaHTq0lt6Xre4aK1hUK25hjZjuEUkHtdUEt0FJamv+NzQO54Gwp6Zr5Cfu6SP5EQ/tTmTMP/tK9npA8zhcCg=="
    },
    "node_modules/@types/node": {
      "version": "14.14.31",
      "resolved": "https://registry.npmjs.org/@types/node/-/node-14.14.31.tgz",
      "integrity": "sha512-vFHy/ezP5qI0rFgJ7aQnjDXwAMrG0KqqIH7tQG5PPv3BWBayOPIQNBjVc/P6hhdZfMx51REc6tfDNXHUio893g==",
      "dev": true
    },
    "node_modules/base64-arraybuffer-es6": {
      "version": "0.6.0",
      "resolved": "https://registry.npmjs.org/base64-arraybuffer-es6/-/base64-arraybuffer-es6-0.6.0.tgz",
      "integrity": "sha512-57nLqKj4ShsDwFJWJsM4sZx6u60WbCge35rWRSevUwqxDtRwwxiKAO800zD2upPv4CfdWjQp//wSLar35nDKvA==",
      "engines": {
        "node": ">=0.10.0"
      },
      "peerDependencies": {
        "core-js-bundle": "^3.6.5"
      }
    },
    "node_modules/base64-encoding": {
      "version": "0.14.3",
      "resolved": "https://registry.npmjs.org/base64-encoding/-/base64-encoding-0.14.3.tgz",
      "integrity": "sha512-/MvpDArLNYsPwwDAfDadL5OMZjWHlPIdsA8iZWN2A/p+ml6f3CtIODBxH21PdtTirKGfjjjp2CGpfGvdyGQJiQ=="
    },
    "node_modules/core-js-bundle": {
      "version": "3.8.1",
      "resolved": "https://registry.npmjs.org/core-js-bundle/-/core-js-bundle-3.8.1.tgz",
      "integrity": "sha512-bkulwU0ZPkG9aZ79JCRL5ltTSvxP9YsKfyZ6ZpGolJ8BEDGK3BFPPmQ2LlWSuhSshcIxIQzArCSXBYacyGf+aQ==",
      "hasInstallScript": true,
      "peer": true,
      "funding": {
        "type": "opencollective",
        "url": "https://opencollective.com/core-js"
      }
    },
    "node_modules/kv-storage-interface": {
      "version": "0.1.1",
      "resolved": "https://registry.npmjs.org/kv-storage-interface/-/kv-storage-interface-0.1.1.tgz",
      "integrity": "sha512-3ABeT7L9A+l+oseWhnWwn7wk1vecv5lzyTlJeAKo2+c0IrsXWixC0Zl0VcPccZwBDKn2NWIY9roTUlmyVCR9pw=="
    },
    "node_modules/lodash.sortby": {
      "version": "4.7.0",
      "resolved": "https://registry.npmjs.org/lodash.sortby/-/lodash.sortby-4.7.0.tgz",
      "integrity": "sha1-7dFMgk4sycHgsKG0K7UhBRakJDg="
    },
    "node_modules/msgpackr": {
      "version": "1.2.7",
      "resolved": "https://registry.npmjs.org/msgpackr/-/msgpackr-1.2.7.tgz",
      "integrity": "sha512-U6Sef+XZjTRQoXZt9GPFf/2h4yhjsB2Kvb1Uq6N19wliryVvrq8onYPzgFnm9/byjDzpRWbJqXesp2AqX15Htg==",
      "optionalDependencies": {
        "msgpackr-extract": "^1.0.6"
      }
    },
    "node_modules/msgpackr-extract": {
      "version": "1.0.6",
      "resolved": "https://registry.npmjs.org/msgpackr-extract/-/msgpackr-extract-1.0.6.tgz",
      "integrity": "sha512-xDZjVWdBDQqohlB14/tbuhtFGsnQqZxE9/aJNz4iTxfGANtuajSCC6wJ72vYPR/k3hKtgLyL76E7xi6t2hcS+Q==",
      "hasInstallScript": true,
      "optional": true,
      "dependencies": {
        "nan": "^2.14.2",
        "node-gyp-build": "^4.2.3"
      }
    },
    "node_modules/nan": {
      "version": "2.14.2",
      "resolved": "https://registry.npmjs.org/nan/-/nan-2.14.2.tgz",
      "integrity": "sha512-M2ufzIiINKCuDfBSAUr1vWQ+vuVcA9kqx8JJUsbQi6yf1uGRyb7HfpdfUr5qLXf3B/t8dPvcjhKMmlfnP47EzQ==",
      "optional": true
    },
    "node_modules/node-gyp-build": {
      "version": "4.2.3",
      "resolved": "https://registry.npmjs.org/node-gyp-build/-/node-gyp-build-4.2.3.tgz",
      "integrity": "sha512-MN6ZpzmfNCRM+3t57PTJHgHyw/h4OWnZ6mR8P5j/uZtqQr46RRuDE/P+g3n0YR/AiYXeWixZZzaip77gdICfRg==",
      "optional": true,
      "bin": {
        "node-gyp-build": "bin.js",
        "node-gyp-build-optional": "optional.js",
        "node-gyp-build-test": "build-test.js"
      }
    },
    "node_modules/punycode": {
      "version": "2.1.1",
      "resolved": "https://registry.npmjs.org/punycode/-/punycode-2.1.1.tgz",
      "integrity": "sha512-XRsRjdf+j5ml+y/6GKHPZbrF/8p2Yga0JPtdqTIY2Xe5ohJPD9saDJJLPvp9+NSBprVvevdXZybnj2cv8OEd0A==",
      "engines": {
        "node": ">=6"
      }
    },
    "node_modules/regenerator-runtime": {
      "version": "0.13.7",
      "resolved": "https://registry.npmjs.org/regenerator-runtime/-/regenerator-runtime-0.13.7.tgz",
      "integrity": "sha512-a54FxoJDIr27pgf7IgeQGxmqUNYrcV338lf/6gH456HZ/PhX+5BcwHXG9ajESmwe6WRO0tAzRUrRmNONWgkrew==",
      "peer": true
    },
    "node_modules/tr46": {
      "version": "2.0.2",
      "resolved": "https://registry.npmjs.org/tr46/-/tr46-2.0.2.tgz",
      "integrity": "sha512-3n1qG+/5kg+jrbTzwAykB5yRYtQCTqOGKq5U5PE3b0a1/mzo6snDhjGS0zJVJunO0NrT3Dg1MLy5TjWP/UJppg==",
      "dependencies": {
        "punycode": "^2.1.1"
      },
      "engines": {
        "node": ">=8"
      }
    },
    "node_modules/typescript": {
      "version": "4.2.2",
      "resolved": "https://registry.npmjs.org/typescript/-/typescript-4.2.2.tgz",
      "integrity": "sha512-tbb+NVrLfnsJy3M59lsDgrzWIflR4d4TIUjz+heUnHZwdF7YsrMTKoRERiIvI2lvBG95dfpLxB21WZhys1bgaQ==",
      "dev": true,
      "bin": {
        "tsc": "bin/tsc",
        "tsserver": "bin/tsserver"
      },
      "engines": {
        "node": ">=4.2.0"
      }
    },
    "node_modules/typeson": {
      "version": "5.18.2",
      "resolved": "https://registry.npmjs.org/typeson/-/typeson-5.18.2.tgz",
      "integrity": "sha512-Vetd+OGX05P4qHyHiSLdHZ5Z5GuQDrHHwSdjkqho9NSCYVSLSfRMjklD/unpHH8tXBR9Z/R05rwJSuMpMFrdsw==",
      "engines": {
        "node": ">=0.1.14"
      },
      "peerDependencies": {
        "core-js-bundle": "^3.6.4",
        "regenerator-runtime": "^0.13.3"
      }
    },
    "node_modules/typeson-registry": {
      "version": "1.0.0-alpha.38",
      "resolved": "https://registry.npmjs.org/typeson-registry/-/typeson-registry-1.0.0-alpha.38.tgz",
      "integrity": "sha512-6lt2IhbNT9hyow5hljZqjWtVDXBIaC1X8bBGlBva0Pod2f42g23bVqww09ruquwSC48I8BSSCPi+B2dFHM5ihQ==",
      "dependencies": {
        "base64-arraybuffer-es6": "^0.6.0",
        "typeson": "^5.18.2",
        "whatwg-url": "^8.1.0"
      },
      "engines": {
        "node": ">=10.0.0"
      }
    },
    "node_modules/webidl-conversions": {
      "version": "6.1.0",
      "resolved": "https://registry.npmjs.org/webidl-conversions/-/webidl-conversions-6.1.0.tgz",
      "integrity": "sha512-qBIvFLGiBpLjfwmYAaHPXsn+ho5xZnGvyGvsarywGNc8VyQJUMHJ8OBKGGrPER0okBeMDaan4mNBlgBROxuI8w==",
      "engines": {
        "node": ">=10.4"
      }
    },
    "node_modules/whatwg-url": {
      "version": "8.4.0",
      "resolved": "https://registry.npmjs.org/whatwg-url/-/whatwg-url-8.4.0.tgz",
      "integrity": "sha512-vwTUFf6V4zhcPkWp/4CQPr1TW9Ml6SF4lVyaIMBdJw5i6qUUJ1QWM4Z6YYVkfka0OUIzVo/0aNtGVGk256IKWw==",
      "dependencies": {
        "lodash.sortby": "^4.7.0",
        "tr46": "^2.0.2",
        "webidl-conversions": "^6.1.0"
      },
      "engines": {
        "node": ">=10"
      }
    }
  },
  "dependencies": {
    "@cloudflare/workers-types": {
      "version": "2.1.0",
      "resolved": "https://registry.npmjs.org/@cloudflare/workers-types/-/workers-types-2.1.0.tgz",
      "integrity": "sha512-VmXaHTq0lt6Xre4aK1hUK25hjZjuEUkHtdUEt0FJamv+NzQO54Gwp6Zr5Cfu6SP5EQ/tTmTMP/tK9npA8zhcCg=="
    },
    "@types/node": {
      "version": "14.14.31",
      "resolved": "https://registry.npmjs.org/@types/node/-/node-14.14.31.tgz",
      "integrity": "sha512-vFHy/ezP5qI0rFgJ7aQnjDXwAMrG0KqqIH7tQG5PPv3BWBayOPIQNBjVc/P6hhdZfMx51REc6tfDNXHUio893g==",
      "dev": true
    },
    "base64-arraybuffer-es6": {
      "version": "0.6.0",
      "resolved": "https://registry.npmjs.org/base64-arraybuffer-es6/-/base64-arraybuffer-es6-0.6.0.tgz",
      "integrity": "sha512-57nLqKj4ShsDwFJWJsM4sZx6u60WbCge35rWRSevUwqxDtRwwxiKAO800zD2upPv4CfdWjQp//wSLar35nDKvA==",
      "requires": {}
    },
    "base64-encoding": {
      "version": "0.14.3",
      "resolved": "https://registry.npmjs.org/base64-encoding/-/base64-encoding-0.14.3.tgz",
      "integrity": "sha512-/MvpDArLNYsPwwDAfDadL5OMZjWHlPIdsA8iZWN2A/p+ml6f3CtIODBxH21PdtTirKGfjjjp2CGpfGvdyGQJiQ=="
    },
    "core-js-bundle": {
      "version": "3.8.1",
      "resolved": "https://registry.npmjs.org/core-js-bundle/-/core-js-bundle-3.8.1.tgz",
      "integrity": "sha512-bkulwU0ZPkG9aZ79JCRL5ltTSvxP9YsKfyZ6ZpGolJ8BEDGK3BFPPmQ2LlWSuhSshcIxIQzArCSXBYacyGf+aQ==",
      "peer": true
    },
    "kv-storage-interface": {
      "version": "0.1.1",
      "resolved": "https://registry.npmjs.org/kv-storage-interface/-/kv-storage-interface-0.1.1.tgz",
      "integrity": "sha512-3ABeT7L9A+l+oseWhnWwn7wk1vecv5lzyTlJeAKo2+c0IrsXWixC0Zl0VcPccZwBDKn2NWIY9roTUlmyVCR9pw=="
    },
    "lodash.sortby": {
      "version": "4.7.0",
      "resolved": "https://registry.npmjs.org/lodash.sortby/-/lodash.sortby-4.7.0.tgz",
      "integrity": "sha1-7dFMgk4sycHgsKG0K7UhBRakJDg="
    },
    "msgpackr": {
      "version": "1.2.7",
      "resolved": "https://registry.npmjs.org/msgpackr/-/msgpackr-1.2.7.tgz",
      "integrity": "sha512-U6Sef+XZjTRQoXZt9GPFf/2h4yhjsB2Kvb1Uq6N19wliryVvrq8onYPzgFnm9/byjDzpRWbJqXesp2AqX15Htg==",
      "requires": {
        "msgpackr-extract": "^1.0.6"
      }
    },
    "msgpackr-extract": {
      "version": "1.0.6",
      "resolved": "https://registry.npmjs.org/msgpackr-extract/-/msgpackr-extract-1.0.6.tgz",
      "integrity": "sha512-xDZjVWdBDQqohlB14/tbuhtFGsnQqZxE9/aJNz4iTxfGANtuajSCC6wJ72vYPR/k3hKtgLyL76E7xi6t2hcS+Q==",
      "optional": true,
      "requires": {
        "nan": "^2.14.2",
        "node-gyp-build": "^4.2.3"
      }
    },
    "nan": {
      "version": "2.14.2",
      "resolved": "https://registry.npmjs.org/nan/-/nan-2.14.2.tgz",
      "integrity": "sha512-M2ufzIiINKCuDfBSAUr1vWQ+vuVcA9kqx8JJUsbQi6yf1uGRyb7HfpdfUr5qLXf3B/t8dPvcjhKMmlfnP47EzQ==",
      "optional": true
    },
    "node-gyp-build": {
      "version": "4.2.3",
      "resolved": "https://registry.npmjs.org/node-gyp-build/-/node-gyp-build-4.2.3.tgz",
      "integrity": "sha512-MN6ZpzmfNCRM+3t57PTJHgHyw/h4OWnZ6mR8P5j/uZtqQr46RRuDE/P+g3n0YR/AiYXeWixZZzaip77gdICfRg==",
      "optional": true
    },
    "punycode": {
      "version": "2.1.1",
      "resolved": "https://registry.npmjs.org/punycode/-/punycode-2.1.1.tgz",
      "integrity": "sha512-XRsRjdf+j5ml+y/6GKHPZbrF/8p2Yga0JPtdqTIY2Xe5ohJPD9saDJJLPvp9+NSBprVvevdXZybnj2cv8OEd0A=="
    },
    "regenerator-runtime": {
      "version": "0.13.7",
      "resolved": "https://registry.npmjs.org/regenerator-runtime/-/regenerator-runtime-0.13.7.tgz",
      "integrity": "sha512-a54FxoJDIr27pgf7IgeQGxmqUNYrcV338lf/6gH456HZ/PhX+5BcwHXG9ajESmwe6WRO0tAzRUrRmNONWgkrew==",
      "peer": true
    },
    "tr46": {
      "version": "2.0.2",
      "resolved": "https://registry.npmjs.org/tr46/-/tr46-2.0.2.tgz",
      "integrity": "sha512-3n1qG+/5kg+jrbTzwAykB5yRYtQCTqOGKq5U5PE3b0a1/mzo6snDhjGS0zJVJunO0NrT3Dg1MLy5TjWP/UJppg==",
      "requires": {
        "punycode": "^2.1.1"
      }
    },
    "typescript": {
      "version": "4.2.2",
      "resolved": "https://registry.npmjs.org/typescript/-/typescript-4.2.2.tgz",
      "integrity": "sha512-tbb+NVrLfnsJy3M59lsDgrzWIflR4d4TIUjz+heUnHZwdF7YsrMTKoRERiIvI2lvBG95dfpLxB21WZhys1bgaQ==",
      "dev": true
    },
    "typeson": {
      "version": "5.18.2",
      "resolved": "https://registry.npmjs.org/typeson/-/typeson-5.18.2.tgz",
      "integrity": "sha512-Vetd+OGX05P4qHyHiSLdHZ5Z5GuQDrHHwSdjkqho9NSCYVSLSfRMjklD/unpHH8tXBR9Z/R05rwJSuMpMFrdsw==",
      "requires": {}
    },
    "typeson-registry": {
      "version": "1.0.0-alpha.38",
      "resolved": "https://registry.npmjs.org/typeson-registry/-/typeson-registry-1.0.0-alpha.38.tgz",
      "integrity": "sha512-6lt2IhbNT9hyow5hljZqjWtVDXBIaC1X8bBGlBva0Pod2f42g23bVqww09ruquwSC48I8BSSCPi+B2dFHM5ihQ==",
      "requires": {
        "base64-arraybuffer-es6": "^0.6.0",
        "typeson": "^5.18.2",
        "whatwg-url": "^8.1.0"
      }
    },
    "webidl-conversions": {
      "version": "6.1.0",
      "resolved": "https://registry.npmjs.org/webidl-conversions/-/webidl-conversions-6.1.0.tgz",
      "integrity": "sha512-qBIvFLGiBpLjfwmYAaHPXsn+ho5xZnGvyGvsarywGNc8VyQJUMHJ8OBKGGrPER0okBeMDaan4mNBlgBROxuI8w=="
    },
    "whatwg-url": {
      "version": "8.4.0",
      "resolved": "https://registry.npmjs.org/whatwg-url/-/whatwg-url-8.4.0.tgz",
      "integrity": "sha512-vwTUFf6V4zhcPkWp/4CQPr1TW9Ml6SF4lVyaIMBdJw5i6qUUJ1QWM4Z6YYVkfka0OUIzVo/0aNtGVGk256IKWw==",
      "requires": {
        "lodash.sortby": "^4.7.0",
        "tr46": "^2.0.2",
        "webidl-conversions": "^6.1.0"
      }
    }
  }
}
